
Microsoft Visual Studio Solution File, Format Version 12.00
# Visual Studio Version 17
VisualStudioVersion = 17.2.32519.379
MinimumVisualStudioVersion = 10.0.40219.1
Project("{FAE04EC0-301F-11D3-BF4B-00C04F79EFBC}") = "oops_handson", "oops_handson\oops_handson.csproj", "{EB7C73EC-DBCE-43DC-B011-BCD893FE001D}"
EndProject
Global
	GlobalSection(SolutionConfigurationPlatforms) = preSolution
		Debug|Any CPU = Debug|Any CPU
		Release|Any CPU = Release|Any CPU
	EndGlobalSection
	GlobalSection(ProjectConfigurationPlatforms) = postSolution
		{EB7C73EC-DBCE-43DC-B011-BCD893FE001D}.Debug|Any CPU.ActiveCfg = Debug|Any CPU
		{EB7C73EC-DBCE-43DC-B011-BCD893FE001D}.Debug|Any CPU.Build.0 = Debug|Any CPU
		{EB7C73EC-DBCE-43DC-B011-BCD893FE001D}.Release|Any CPU.ActiveCfg = Release|Any CPU
		{EB7C73EC-DBCE-43DC-B011-BCD893FE001D}.Release|Any CPU.Build.0 = Release|Any CPU
	EndGlobalSection
	GlobalSection(SolutionProperties) = preSolution
		HideSolutionNode = FALSE
	EndGlobalSection
	GlobalSection(ExtensibilityGlobals) = postSolution
		SolutionGuid = {6BD28E83-5E42-421C-9C5E-DA61F5E9B872}
	EndGlobalSection
EndGlobal
